
Microsoft Visual Studio Solution File, Format Version 12.00
# Visual Studio Version 17
VisualStudioVersion = 17.10.35004.147
MinimumVisualStudioVersion = 10.0.40219.1
Project("{FAE04EC0-301F-11D3-BF4B-00C04F79EFBC}") = "Exammm02", "Exammm02\Exammm02.csproj", "{B188134D-7868-41B3-8DBB-95F9185A0A20}"
EndProject
Global
	GlobalSection(SolutionConfigurationPlatforms) = preSolution
		Debug|Any CPU = Debug|Any CPU
		Release|Any CPU = Release|Any CPU
	EndGlobalSection
	GlobalSection(ProjectConfigurationPlatforms) = postSolution
		{B188134D-7868-41B3-8DBB-95F9185A0A20}.Debug|Any CPU.ActiveCfg = Debug|Any CPU
		{B188134D-7868-41B3-8DBB-95F9185A0A20}.Debug|Any CPU.Build.0 = Debug|Any CPU
		{B188134D-7868-41B3-8DBB-95F9185A0A20}.Release|Any CPU.ActiveCfg = Release|Any CPU
		{B188134D-7868-41B3-8DBB-95F9185A0A20}.Release|Any CPU.Build.0 = Release|Any CPU
	EndGlobalSection
	GlobalSection(SolutionProperties) = preSolution
		HideSolutionNode = FALSE
	EndGlobalSection
	GlobalSection(ExtensibilityGlobals) = postSolution
		SolutionGuid = {1EB85257-4DDC-42AE-8DB0-6D70A5557849}
	EndGlobalSection
EndGlobal
